// !$*UTF8*$!
{
	archiveVersion = 1;
	classes = {
	};
	objectVersion = 50;
	objects = {

/* Begin PBXBuildFile section */
		BD9ED783228BC7E100C7A1D2 /* AppDelegate.swift in Sources */ = {isa = PBXBuildFile; fileRef = BD9ED782228BC7E100C7A1D2 /* AppDelegate.swift */; };
		BD9ED785228BC7E100C7A1D2 /* ViewController.swift in Sources */ = {isa = PBXBuildFile; fileRef = BD9ED784228BC7E100C7A1D2 /* ViewController.swift */; };
		BD9ED788228BC7E100C7A1D2 /* Main.storyboard in Resources */ = {isa = PBXBuildFile; fileRef = BD9ED786228BC7E100C7A1D2 /* Main.storyboard */; };
		BD9ED78A228BC7E200C7A1D2 /* Assets.xcassets in Resources */ = {isa = PBXBuildFile; fileRef = BD9ED789228BC7E200C7A1D2 /* Assets.xcassets */; };
		BD9ED78D228BC7E200C7A1D2 /* LaunchScreen.storyboard in Resources */ = {isa = PBXBuildFile; fileRef = BD9ED78B228BC7E200C7A1D2 /* LaunchScreen.storyboard */; };
/* End PBXBuildFile section */

/* Begin PBXFileReference section */
		BD9ED77F228BC7E100C7A1D2 /* Pinterest Clone.app */ = {isa = PBXFileReference; explicitFileType = wrapper.application; includeInIndex = 0; path = "Pinterest Clone.app"; sourceTree = BUILT_PRODUCTS_DIR; };
		BD9ED782228BC7E100C7A1D2 /* AppDelegate.swift */ = {isa = PBXFileReference; lastKnownFileType = sourcecode.swift; path = AppDelegate.swift; sourceTree = "<group>"; };
		BD9ED784228BC7E100C7A1D2 /* ViewController.swift */ = {isa = PBXFileReference; lastKnownFileType = sourcecode.swift; path = ViewController.swift; sourceTree = "<group>"; };
		BD9ED787228BC7E100C7A1D2 /* Base */ = {isa = PBXFileReference; lastKnownFileType = file.storyboard; name = Base; path = Base.lproj/Main.storyboard; sourceTree = "<group>"; };
		BD9ED789228BC7E200C7A1D2 /* Assets.xcassets */ = {isa = PBXFileReference; lastKnownFileType = folder.assetcatalog; path = Assets.xcassets; sourceTree = "<group>"; };
		BD9ED78C228BC7E200C7A1D2 /* Base */ = {isa = PBXFileReference; lastKnownFileType = file.storyboard; name = Base; path = Base.lproj/LaunchScreen.storyboard; sourceTree = "<group>"; };
		BD9ED78E228BC7E200C7A1D2 /* Info.plist */ = {isa = PBXFileReference; lastKnownFileType = text.plist.xml; path = Info.plist; sourceTree = "<group>"; };
/* End PBXFileReference section */

/* Begin PBXFrameworksBuildPhase section */
		BD9ED77C228BC7E100C7A1D2 /* Frameworks */ = {
			isa = PBXFrameworksBuildPhase;
			buildActionMask = 2147483647;
			files = (
			);
			runOnlyForDeploymentPostprocessing = 0;
		};
/* End PBXFrameworksBuildPhase section */

/* Begin PBXGroup section */
		BD9ED776228BC7E100C7A1D2 = {
			isa = PBXGroup;
			children = (
				BD9ED781228BC7E100C7A1D2 /* Pinterest Clone */,
				BD9ED780228BC7E100C7A1D2 /* Products */,
			);
			sourceTree = "<group>";
		};
		BD9ED780228BC7E100C7A1D2 /* Products */ = {
			isa = PBXGroup;
			children = (
				BD9ED77F228BC7E100C7A1D2 /* Pinterest Clone.app */,
			);
			name = Products;
			sourceTree = "<group>";
		};
		BD9ED781228BC7E100C7A1D2 /* Pinterest Clone */ = {
			isa = PBXGroup;
			children = (
				BD9ED782228BC7E100C7A1D2 /* AppDelegate.swift */,
				BD9ED784228BC7E100C7A1D2 /* ViewController.swift */,
				BD9ED786228BC7E100C7A1D2 /* Main.storyboard */,
				BD9ED789228BC7E200C7A1D2 /* Assets.xcassets */,
				BD9ED78B228BC7E200C7A1D2 /* LaunchScreen.storyboard */,
				BD9ED78E228BC7E200C7A1D2 /* Info.plist */,
			);
			path = "Pinterest Clone";
			sourceTree = "<group>";
		};
/* End PBXGroup section */

/* Begin PBXNativeTarget section */
		BD9ED77E228BC7E100C7A1D2 /* Pinterest Clone */ = {
			isa = PBXNativeTarget;
			buildConfigurationList = BD9ED791228BC7E200C7A1D2 /* Build configuration list for PBXNativeTarget "Pinterest Clone" */;
			buildPhases = (
				BD9ED77B228BC7E100C7A1D2 /* Sources */,
				BD9ED77C228BC7E100C7A1D2 /* Frameworks */,
				BD9ED77D228BC7E100C7A1D2 /* Resources */,
			);
			buildRules = (
			);
			dependencies = (
			);
			name = "Pinterest Clone";
			productName = "Pinterest Clone";
			productReference = BD9ED77F228BC7E100C7A1D2 /* Pinterest Clone.app */;
			productType = "com.apple.product-type.application";
		};
/* End PBXNativeTarget section */

/* Begin PBXProject section */
		BD9ED777228BC7E100C7A1D2 /* Project object */ = {
			isa = PBXProject;
			attributes = {
				LastSwiftUpdateCheck = 1010;
				LastUpgradeCheck = 1010;
				ORGANIZATIONNAME = "Christian Stevanus";
				TargetAttributes = {
					BD9ED77E228BC7E100C7A1D2 = {
						CreatedOnToolsVersion = 10.1;
					};
				};
			};
			buildConfigurationList = BD9ED77A228BC7E100C7A1D2 /* Build configuration list for PBXProject "Pinterest Clone" */;
			compatibilityVersion = "Xcode 9.3";
			developmentRegion = en;
			hasScannedForEncodings = 0;
			knownRegions = (
				en,
				Base,
			);
			mainGroup = BD9ED776228BC7E100C7A1D2;
			productRefGroup = BD9ED780228BC7E100C7A1D2 /* Products */;
			projectDirPath = "";
			projectRoot = "";
			targets = (
				BD9ED77E228BC7E100C7A1D2 /* Pinterest Clone */,
			);
		};
/* End PBXProject section */

/* Begin PBXResourcesBuildPhase section */
		BD9ED77D228BC7E100C7A1D2 /* Resources */ = {
			isa = PBXResourcesBuildPhase;
			buildActionMask = 2147483647;
			files = (
				BD9ED78D228BC7E200C7A1D2 /* LaunchScreen.storyboard in Resources */,
				BD9ED78A228BC7E200C7A1D2 /* Assets.xcassets in Resources */,
				BD9ED788228BC7E100C7A1D2 /* Main.storyboard in Resources */,
			);
			runOnlyForDeploymentPostprocessing = 0;
		};
/* End PBXResourcesBuildPhase section */

/* Begin PBXSourcesBuildPhase section */
		BD9ED77B228BC7E100C7A1D2 /* Sources */ = {
			isa = PBXSourcesBuildPhase;
			buildActionMask = 2147483647;
			files = (
				BD9ED785228BC7E100C7A1D2 /* ViewController.swift in Sources */,
				BD9ED783228BC7E100C7A1D2 /* AppDelegate.swift in Sources */,
			);
			runOnlyForDeploymentPostprocessing = 0;
		};
/* End PBXSourcesBuildPhase section */

/* Begin PBXVariantGroup section */
		BD9ED786228BC7E100C7A1D2 /* Main.storyboard */ = {
			isa = PBXVariantGroup;
			children = (
				BD9ED787228BC7E100C7A1D2 /* Base */,
			);
			name = Main.storyboard;
			sourceTree = "<group>";
		};
		BD9ED78B228BC7E200C7A1D2 /* LaunchScreen.storyboard */ = {
			isa = PBXVariantGroup;
			children = (
				BD9ED78C228BC7E200C7A1D2 /* Base */,
			);
			name = LaunchScreen.storyboard;
			sourceTree = "<group>";
		};
/* End PBXVariantGroup section */

/* Begin XCBuildConfiguration section */
		BD9ED78F228BC7E200C7A1D2 /* Debug */ = {
			isa = XCBuildConfiguration;
			buildSettings = {
				ALWAYS_SEARCH_USER_PATHS = NO;
				CLANG_ANALYZER_NONNULL = YES;
				CLANG_ANALYZER_NUMBER_OBJECT_CONVERSION = YES_AGGRESSIVE;
				CLANG_CXX_LANGUAGE_STANDARD = "gnu++14";
				CLANG_CXX_LIBRARY = "libc++";
				CLANG_ENABLE_MODULES = YES;
				CLANG_ENABLE_OBJC_ARC = YES;
				CLANG_ENABLE_OBJC_WEAK = YES;
				CLANG_WARN_BLOCK_CAPTURE_AUTORELEASING = YES;
				CLANG_WARN_BOOL_CONVERSION = YES;
				CLANG_WARN_COMMA = YES;
				CLANG_WARN_CONSTANT_CONVERSION = YES;
				CLANG_WARN_DEPRECATED_OBJC_IMPLEMENTATIONS = YES;
				CLANG_WARN_DIRECT_OBJC_ISA_USAGE = YES_ERROR;
				CLANG_WARN_DOCUMENTATION_COMMENTS = YES;
				CLANG_WARN_EMPTY_BODY = YES;
				CLANG_WARN_ENUM_CONVERSION = YES;
				CLANG_WARN_INFINITE_RECURSION = YES;
				CLANG_WARN_INT_CONVERSION = YES;
				CLANG_WARN_NON_LITERAL_NULL_CONVERSION = YES;
				CLANG_WARN_OBJC_IMPLICIT_RETAIN_SELF = YES;
				CLANG_WARN_OBJC_LITERAL_CONVERSION = YES;
				CLANG_WARN_OBJC_ROOT_CLASS = YES_ERROR;
				CLANG_WARN_RANGE_LOOP_ANALYSIS = YES;
				CLANG_WARN_STRICT_PROTOTYPES = YES;
				CLANG_WARN_SUSPICIOUS_MOVE = YES;
				CLANG_WARN_UNGUARDED_AVAILABILITY = YES_AGGRESSIVE;
				CLANG_WARN_UNREACHABLE_CODE = YES;
				CLANG_WARN__DUPLICATE_METHOD_MATCH = YES;
				CODE_SIGN_IDENTITY = "iPhone Developer";
				COPY_PHASE_STRIP = NO;
				DEBUG_INFORMATION_FORMAT = dwarf;
				ENABLE_STRICT_OBJC_MSGSEND = YES;
				ENABLE_TESTABILITY = YES;
				GCC_C_LANGUAGE_STANDARD = gnu11;
				GCC_DYNAMIC_NO_PIC = NO;
				GCC_NO_COMMON_BLOCKS = YES;
				GCC_OPTIMIZATION_LEVEL = 0;
				GCC_PREPROCESSOR_DEFINITIONS = (
					"DEBUG=1",
					"$(inherited)",
				);
				GCC_WARN_64_TO_32_BIT_CONVERSION = YES;
				GCC_WARN_ABOUT_RETURN_TYPE = YES_ERROR;
				GCC_WARN_UNDECLARED_SELECTOR = YES;
				GCC_WARN_UNINITIALIZED_AUTOS = YES_AGGRESSIVE;
				GCC_WARN_UNUSED_FUNCTION = YES;
				GCC_WARN_UNUSED_VARIABLE = YES;
				IPHONEOS_DEPLOYMENT_TARGET = 12.1;
				MTL_ENABLE_DEBUG_INFO = INCLUDE_SOURCE;
				MTL_FAST_MATH = YES;
				ONLY_ACTIVE_ARCH = YES;
				SDKROOT = iphoneos;
				SWIFT_ACTIVE_COMPILATION_CONDITIONS = DEBUG;
				SWIFT_OPTIMIZATION_LEVEL = "-Onone";
			};
			name = Debug;
		};
		BD9ED790228BC7E200C7A1D2 /* Release */ = {
			isa = XCBuildConfiguration;
			buildSettings = {
				ALWAYS_SEARCH_USER_PATHS = NO;
				CLANG_ANALYZER_NONNULL = YES;
				CLANG_ANALYZER_NUMBER_OBJECT_CONVERSION = YES_AGGRESSIVE;
				CLANG_CXX_LANGUAGE_STANDARD = "gnu++14";
				CLANG_CXX_LIBRARY = "libc++";
				CLANG_ENABLE_MODULES = YES;
				CLANG_ENABLE_OBJC_ARC = YES;
				CLANG_ENABLE_OBJC_WEAK = YES;
				CLANG_WARN_BLOCK_CAPTURE_AUTORELEASING = YES;
				CLANG_WARN_BOOL_CONVERSION = YES;
				CLANG_WARN_COMMA = YES;
				CLANG_WARN_CONSTANT_CONVERSION = YES;
				CLANG_WARN_DEPRECATED_OBJC_IMPLEMENTATIONS = YES;
				CLANG_WARN_DIRECT_OBJC_ISA_USAGE = YES_ERROR;
				CLANG_WARN_DOCUMENTATION_COMMENTS = YES;
				CLANG_WARN_EMPTY_BODY = YES;
				CLANG_WARN_ENUM_CONVERSION = YES;
				CLANG_WARN_INFINITE_RECURSION = YES;
				CLANG_WARN_INT_CONVERSION = YES;
				CLANG_WARN_NON_LITERAL_NULL_CONVERSION = YES;
				CLANG_WARN_OBJC_IMPLICIT_RETAIN_SELF = YES;
				CLANG_WARN_OBJC_LITERAL_CONVERSION = YES;
				CLANG_WARN_OBJC_ROOT_CLASS = YES_ERROR;
				CLANG_WARN_RANGE_LOOP_ANALYSIS = YES;
				CLANG_WARN_STRICT_PROTOTYPES = YES;
				CLANG_WARN_SUSPICIOUS_MOVE = YES;
				CLANG_WARN_UNGUARDED_AVAILABILITY = YES_AGGRESSIVE;
				CLANG_WARN_UNREACHABLE_CODE = YES;
				CLANG_WARN__DUPLICATE_METHOD_MATCH = YES;
				CODE_SIGN_IDENTITY = "iPhone Developer";
				COPY_PHASE_STRIP = NO;
				DEBUG_INFORMATION_FORMAT = "dwarf-with-dsym";
				ENABLE_NS_ASSERTIONS = NO;
				ENABLE_STRICT_OBJC_MSGSEND = YES;
				GCC_C_LANGUAGE_STANDARD = gnu11;
				GCC_NO_COMMON_BLOCKS = YES;
				GCC_WARN_64_TO_32_BIT_CONVERSION = YES;
				GCC_WARN_ABOUT_RETURN_TYPE = YES_ERROR;
				GCC_WARN_UNDECLARED_SELECTOR = YES;
				GCC_WARN_UNINITIALIZED_AUTOS = YES_AGGRESSIVE;
				GCC_WARN_UNUSED_FUNCTION = YES;
				GCC_WARN_UNUSED_VARIABLE = YES;
				IPHONEOS_DEPLOYMENT_TARGET = 12.1;
				MTL_ENABLE_DEBUG_INFO = NO;
				MTL_FAST_MATH = YES;
				SDKROOT = iphoneos;
				SWIFT_COMPILATION_MODE = wholemodule;
				SWIFT_OPTIMIZATION_LEVEL = "-O";
				VALIDATE_PRODUCT = YES;
			};
			name = Release;
		};
		BD9ED792228BC7E200C7A1D2 /* Debug */ = {
			isa = XCBuildConfiguration;
			buildSettings = {
				ASSETCATALOG_COMPILER_APPICON_NAME = AppIcon;
				CODE_SIGN_STYLE = Automatic;
				DEVELOPMENT_TEAM = 49LT2MNGBG;
				INFOPLIST_FILE = "Pinterest Clone/Info.plist";
				LD_RUNPATH_SEARCH_PATHS = (
					"$(inherited)",
					"@executable_path/Frameworks",
				);
				PRODUCT_BUNDLE_IDENTIFIER = "arcane.Pinterest-Clone";
				PRODUCT_NAME = "$(TARGET_NAME)";
				SWIFT_VERSION = 4.2;
				TARGETED_DEVICE_FAMILY = "1,2";
			};
			name = Debug;
		};
		BD9ED793228BC7E200C7A1D2 /* Release */ = {
			isa = XCBuildConfiguration;
			buildSettings = {
				ASSETCATALOG_COMPILER_APPICON_NAME = AppIcon;
				CODE_SIGN_STYLE = Automatic;
				DEVELOPMENT_TEAM = 49LT2MNGBG;
				INFOPLIST_FILE = "Pinterest Clone/Info.plist";
				LD_RUNPATH_SEARCH_PATHS = (
					"$(inherited)",
					"@executable_path/Frameworks",
				);
				PRODUCT_BUNDLE_IDENTIFIER = "arcane.Pinterest-Clone";
				PRODUCT_NAME = "$(TARGET_NAME)";
				SWIFT_VERSION = 4.2;
				TARGETED_DEVICE_FAMILY = "1,2";
			};
			name = Release;
		};
/* End XCBuildConfiguration section */

/* Begin XCConfigurationList section */
		BD9ED77A228BC7E100C7A1D2 /* Build configuration list for PBXProject "Pinterest Clone" */ = {
			isa = XCConfigurationList;
			buildConfigurations = (
				BD9ED78F228BC7E200C7A1D2 /* Debug */,
				BD9ED790228BC7E200C7A1D2 /* Release */,
			);
			defaultConfigurationIsVisible = 0;
			defaultConfigurationName = Release;
		};
		BD9ED791228BC7E200C7A1D2 /* Build configuration list for PBXNativeTarget "Pinterest Clone" */ = {
			isa = XCConfigurationList;
			buildConfigurations = (
				BD9ED792228BC7E200C7A1D2 /* Debug */,
				BD9ED793228BC7E200C7A1D2 /* Release */,
			);
			defaultConfigurationIsVisible = 0;
			defaultConfigurationName = Release;
		};
/* End XCConfigurationList section */
	};
	rootObject = BD9ED777228BC7E100C7A1D2 /* Project object */;
}
